Microsoft Visual Studio Solution File, Format Version 12.00
# Visual Studio Version 17
VisualStudioVersion = 17.5.2.0
MinimumVisualStudioVersion = 10.0.40219.1
Project("{FAE04EC0-301F-11D3-BF4B-00C04F79EFBC}") = "API_empleados", "API_empleados\API_empleados.csproj", "{2F64DB7E-2E7B-4448-3161-35C01E74AEC3}"
EndProject
Global
	GlobalSection(SolutionConfigurationPlatforms) = preSolution
		Debug|Any CPU = Debug|Any CPU
		Release|Any CPU = Release|Any CPU
	EndGlobalSection
	GlobalSection(ProjectConfigurationPlatforms) = postSolution
		{2F64DB7E-2E7B-4448-3161-35C01E74AEC3}.Debug|Any CPU.ActiveCfg = Debug|Any CPU
		{2F64DB7E-2E7B-4448-3161-35C01E74AEC3}.Debug|Any CPU.Build.0 = Debug|Any CPU
		{2F64DB7E-2E7B-4448-3161-35C01E74AEC3}.Release|Any CPU.ActiveCfg = Release|Any CPU
		{2F64DB7E-2E7B-4448-3161-35C01E74AEC3}.Release|Any CPU.Build.0 = Release|Any CPU
	EndGlobalSection
	GlobalSection(SolutionProperties) = preSolution
		HideSolutionNode = FALSE
	EndGlobalSection
	GlobalSection(ExtensibilityGlobals) = postSolution
		SolutionGuid = {BAA3F91B-8D43-4CA6-A748-F0F8AB724D01}
	EndGlobalSection
EndGlobal
